
Microsoft Visual Studio Solution File, Format Version 12.00
# Visual Studio Version 16
VisualStudioVersion = 16.0.31424.327
MinimumVisualStudioVersion = 10.0.40219.1
Project("{FAE04EC0-301F-11D3-BF4B-00C04F79EFBC}") = "screenSave", "screenSave\screenSave.csproj", "{37055681-15DF-4126-88F3-6627434832F2}"
EndProject
Global
	GlobalSection(SolutionConfigurationPlatforms) = preSolution
		Debug|Any CPU = Debug|Any CPU
		Release|Any CPU = Release|Any CPU
	EndGlobalSection
	GlobalSection(ProjectConfigurationPlatforms) = postSolution
		{37055681-15DF-4126-88F3-6627434832F2}.Debug|Any CPU.ActiveCfg = Debug|Any CPU
		{37055681-15DF-4126-88F3-6627434832F2}.Debug|Any CPU.Build.0 = Debug|Any CPU
		{37055681-15DF-4126-88F3-6627434832F2}.Release|Any CPU.ActiveCfg = Release|Any CPU
		{37055681-15DF-4126-88F3-6627434832F2}.Release|Any CPU.Build.0 = Release|Any CPU
	EndGlobalSection
	GlobalSection(SolutionProperties) = preSolution
		HideSolutionNode = FALSE
	EndGlobalSection
	GlobalSection(ExtensibilityGlobals) = postSolution
		SolutionGuid = {B024C6FE-AB99-465D-BFA8-4D502700CDBA}
	EndGlobalSection
EndGlobal
